
Microsoft Visual Studio Solution File, Format Version 12.00
# Visual Studio Version 17
VisualStudioVersion = 17.14.36119.2
MinimumVisualStudioVersion = 10.0.40219.1
Project("{FAE04EC0-301F-11D3-BF4B-00C04F79EFBC}") = "BookingManager", "BookingManager.csproj", "{D3DA039A-DDC4-43F6-A6F4-6A5C77601320}"
EndProject
Project("{FAE04EC0-301F-11D3-BF4B-00C04F79EFBC}") = "Domain", "..\Domain\Domain.csproj", "{1CA16080-0D2B-4843-B30C-6B3978305AD0}"
EndProject
Project("{FAE04EC0-301F-11D3-BF4B-00C04F79EFBC}") = "Infrastructure", "..\Infrastructure\Infrastructure.csproj", "{0DE03906-3E4F-47F3-A37C-5FD276898A63}"
EndProject
Project("{FAE04EC0-301F-11D3-BF4B-00C04F79EFBC}") = "Application", "..\Application\Application.csproj", "{F915B3C4-1C90-4A4A-8C39-CBF7BAC6019C}"
EndProject
Project("{FAE04EC0-301F-11D3-BF4B-00C04F79EFBC}") = "Infastructure.Migrations", "..\Infastructure.Migrations\Infastructure.Migrations.csproj", "{8D382E4F-746D-4058-B3C2-913E87040BEB}"
EndProject
Global
	GlobalSection(SolutionConfigurationPlatforms) = preSolution
		Debug|Any CPU = Debug|Any CPU
		Release|Any CPU = Release|Any CPU
	EndGlobalSection
	GlobalSection(ProjectConfigurationPlatforms) = postSolution
		{D3DA039A-DDC4-43F6-A6F4-6A5C77601320}.Debug|Any CPU.ActiveCfg = Debug|Any CPU
		{D3DA039A-DDC4-43F6-A6F4-6A5C77601320}.Debug|Any CPU.Build.0 = Debug|Any CPU
		{D3DA039A-DDC4-43F6-A6F4-6A5C77601320}.Release|Any CPU.ActiveCfg = Release|Any CPU
		{D3DA039A-DDC4-43F6-A6F4-6A5C77601320}.Release|Any CPU.Build.0 = Release|Any CPU
		{1CA16080-0D2B-4843-B30C-6B3978305AD0}.Debug|Any CPU.ActiveCfg = Debug|Any CPU
		{1CA16080-0D2B-4843-B30C-6B3978305AD0}.Debug|Any CPU.Build.0 = Debug|Any CPU
		{1CA16080-0D2B-4843-B30C-6B3978305AD0}.Release|Any CPU.ActiveCfg = Release|Any CPU
		{1CA16080-0D2B-4843-B30C-6B3978305AD0}.Release|Any CPU.Build.0 = Release|Any CPU
		{0DE03906-3E4F-47F3-A37C-5FD276898A63}.Debug|Any CPU.ActiveCfg = Debug|Any CPU
		{0DE03906-3E4F-47F3-A37C-5FD276898A63}.Debug|Any CPU.Build.0 = Debug|Any CPU
		{0DE03906-3E4F-47F3-A37C-5FD276898A63}.Release|Any CPU.ActiveCfg = Release|Any CPU
		{0DE03906-3E4F-47F3-A37C-5FD276898A63}.Release|Any CPU.Build.0 = Release|Any CPU
		{F915B3C4-1C90-4A4A-8C39-CBF7BAC6019C}.Debug|Any CPU.ActiveCfg = Debug|Any CPU
		{F915B3C4-1C90-4A4A-8C39-CBF7BAC6019C}.Debug|Any CPU.Build.0 = Debug|Any CPU
		{F915B3C4-1C90-4A4A-8C39-CBF7BAC6019C}.Release|Any CPU.ActiveCfg = Release|Any CPU
		{F915B3C4-1C90-4A4A-8C39-CBF7BAC6019C}.Release|Any CPU.Build.0 = Release|Any CPU
		{8D382E4F-746D-4058-B3C2-913E87040BEB}.Debug|Any CPU.ActiveCfg = Debug|Any CPU
		{8D382E4F-746D-4058-B3C2-913E87040BEB}.Debug|Any CPU.Build.0 = Debug|Any CPU
		{8D382E4F-746D-4058-B3C2-913E87040BEB}.Release|Any CPU.ActiveCfg = Release|Any CPU
		{8D382E4F-746D-4058-B3C2-913E87040BEB}.Release|Any CPU.Build.0 = Release|Any CPU
	EndGlobalSection
	GlobalSection(SolutionProperties) = preSolution
		HideSolutionNode = FALSE
	EndGlobalSection
	GlobalSection(ExtensibilityGlobals) = postSolution
		SolutionGuid = {AFAC941F-523D-4D57-8CC0-3AAF805D2FB8}
	EndGlobalSection
EndGlobal
